// !$*UTF8*$!
{
	archiveVersion = 1;
	classes = {
	};
	objectVersion = 55;
	objects = {

/* Begin PBXBuildFile section */
		AA40FDB328F7120B0053A7E3 /* FinishViewController.swift in Sources */ = {isa = PBXBuildFile; fileRef = AA40FDB228F7120B0053A7E3 /* FinishViewController.swift */; };
		AA40FDB528F712100053A7E3 /* MiddleViewController.swift in Sources */ = {isa = PBXBuildFile; fileRef = AA40FDB428F712100053A7E3 /* MiddleViewController.swift */; };
		AA40FDB728F712150053A7E3 /* StartViewController.swift in Sources */ = {isa = PBXBuildFile; fileRef = AA40FDB628F712150053A7E3 /* StartViewController.swift */; };
		AA40FDB928F7121C0053A7E3 /* MainPageViewController.swift in Sources */ = {isa = PBXBuildFile; fileRef = AA40FDB828F7121C0053A7E3 /* MainPageViewController.swift */; };
		AA40FDBB28F712450053A7E3 /* MyViewController.swift in Sources */ = {isa = PBXBuildFile; fileRef = AA40FDBA28F712450053A7E3 /* MyViewController.swift */; };
		AA40FDBD28F7124A0053A7E3 /* CarsHelper.swift in Sources */ = {isa = PBXBuildFile; fileRef = AA40FDBC28F7124A0053A7E3 /* CarsHelper.swift */; };
		AA45295228F4639D008F0C09 /* App-Store-Price.pdf in Resources */ = {isa = PBXBuildFile; fileRef = AA45295128F4639D008F0C09 /* App-Store-Price.pdf */; };
		AA45295528F463AE008F0C09 /* Conspect19VC.swift in Sources */ = {isa = PBXBuildFile; fileRef = AA45295328F463AE008F0C09 /* Conspect19VC.swift */; };
		AA45295628F463AE008F0C09 /* Conspect20VC.swift in Sources */ = {isa = PBXBuildFile; fileRef = AA45295428F463AE008F0C09 /* Conspect20VC.swift */; };
		AA45295828F463ED008F0C09 /* WebStoreViewController.swift in Sources */ = {isa = PBXBuildFile; fileRef = AA45295728F463ED008F0C09 /* WebStoreViewController.swift */; };
		AAADAAEA28EDAE280055DA73 /* AppDelegate.swift in Sources */ = {isa = PBXBuildFile; fileRef = AAADAAE928EDAE280055DA73 /* AppDelegate.swift */; };
		AAADAAEC28EDAE280055DA73 /* SceneDelegate.swift in Sources */ = {isa = PBXBuildFile; fileRef = AAADAAEB28EDAE280055DA73 /* SceneDelegate.swift */; };
		AAADAAF128EDAE280055DA73 /* Main.storyboard in Resources */ = {isa = PBXBuildFile; fileRef = AAADAAEF28EDAE280055DA73 /* Main.storyboard */; };
		AAADAAF328EDAE290055DA73 /* Assets.xcassets in Resources */ = {isa = PBXBuildFile; fileRef = AAADAAF228EDAE290055DA73 /* Assets.xcassets */; };
		AAADAAF628EDAE290055DA73 /* LaunchScreen.storyboard in Resources */ = {isa = PBXBuildFile; fileRef = AAADAAF428EDAE290055DA73 /* LaunchScreen.storyboard */; };
		AAADAB0328EDB17B0055DA73 /* Conspect17VC.swift in Sources */ = {isa = PBXBuildFile; fileRef = AAADAB0228EDB17B0055DA73 /* Conspect17VC.swift */; };
		AAADAB0528EDB2920055DA73 /* MainTabBarController.swift in Sources */ = {isa = PBXBuildFile; fileRef = AAADAB0428EDB2920055DA73 /* MainTabBarController.swift */; };
		AAADAB0728EDB3B70055DA73 /* BuyViewController.swift in Sources */ = {isa = PBXBuildFile; fileRef = AAADAB0628EDB3B70055DA73 /* BuyViewController.swift */; };
		AAADAB0928EDB3D30055DA73 /* ForYouViewController.swift in Sources */ = {isa = PBXBuildFile; fileRef = AAADAB0828EDB3D30055DA73 /* ForYouViewController.swift */; };
		AAADAB0B28EDB3EA0055DA73 /* SearchViewController.swift in Sources */ = {isa = PBXBuildFile; fileRef = AAADAB0A28EDB3EA0055DA73 /* SearchViewController.swift */; };
		AAADAB0D28EDB41E0055DA73 /* BasketViewController.swift in Sources */ = {isa = PBXBuildFile; fileRef = AAADAB0C28EDB41E0055DA73 /* BasketViewController.swift */; };
		AACCF1AE28F2DE68003735BF /* iOS+Syllabus.pdf in Resources */ = {isa = PBXBuildFile; fileRef = AACCF1AD28F2DE68003735BF /* iOS+Syllabus.pdf */; };
		AACCF1B028F2DE85003735BF /* Conspect18VC.swift in Sources */ = {isa = PBXBuildFile; fileRef = AACCF1AF28F2DE85003735BF /* Conspect18VC.swift */; };
		AAFE7CEE28EEECAF00704603 /* ProductViewController.swift in Sources */ = {isa = PBXBuildFile; fileRef = AAFE7CED28EEECAF00704603 /* ProductViewController.swift */; };
/* End PBXBuildFile section */

/* Begin PBXFileReference section */
		AA40FDB228F7120B0053A7E3 /* FinishViewController.swift */ = {isa = PBXFileReference; fileEncoding = 4; lastKnownFileType = sourcecode.swift; path = FinishViewController.swift; sourceTree = "<group>"; };
		AA40FDB428F712100053A7E3 /* MiddleViewController.swift */ = {isa = PBXFileReference; fileEncoding = 4; lastKnownFileType = sourcecode.swift; path = MiddleViewController.swift; sourceTree = "<group>"; };
		AA40FDB628F712150053A7E3 /* StartViewController.swift */ = {isa = PBXFileReference; fileEncoding = 4; lastKnownFileType = sourcecode.swift; path = StartViewController.swift; sourceTree = "<group>"; };
		AA40FDB828F7121C0053A7E3 /* MainPageViewController.swift */ = {isa = PBXFileReference; fileEncoding = 4; lastKnownFileType = sourcecode.swift; path = MainPageViewController.swift; sourceTree = "<group>"; };
		AA40FDBA28F712450053A7E3 /* MyViewController.swift */ = {isa = PBXFileReference; fileEncoding = 4; lastKnownFileType = sourcecode.swift; path = MyViewController.swift; sourceTree = "<group>"; };
		AA40FDBC28F7124A0053A7E3 /* CarsHelper.swift */ = {isa = PBXFileReference; fileEncoding = 4; lastKnownFileType = sourcecode.swift; path = CarsHelper.swift; sourceTree = "<group>"; };
		AA45295128F4639D008F0C09 /* App-Store-Price.pdf */ = {isa = PBXFileReference; lastKnownFileType = image.pdf; path = "App-Store-Price.pdf"; sourceTree = "<group>"; };
		AA45295328F463AE008F0C09 /* Conspect19VC.swift */ = {isa = PBXFileReference; fileEncoding = 4; lastKnownFileType = sourcecode.swift; path = Conspect19VC.swift; sourceTree = "<group>"; };
		AA45295428F463AE008F0C09 /* Conspect20VC.swift */ = {isa = PBXFileReference; fileEncoding = 4; lastKnownFileType = sourcecode.swift; path = Conspect20VC.swift; sourceTree = "<group>"; };
		AA45295728F463ED008F0C09 /* WebStoreViewController.swift */ = {isa = PBXFileReference; fileEncoding = 4; lastKnownFileType = sourcecode.swift; path = WebStoreViewController.swift; sourceTree = "<group>"; };
		AAADAAE628EDAE280055DA73 /* magazineApp.app */ = {isa = PBXFileReference; explicitFileType = wrapper.application; includeInIndex = 0; path = magazineApp.app; sourceTree = BUILT_PRODUCTS_DIR; };
		AAADAAE928EDAE280055DA73 /* AppDelegate.swift */ = {isa = PBXFileReference; lastKnownFileType = sourcecode.swift; path = AppDelegate.swift; sourceTree = "<group>"; };
		AAADAAEB28EDAE280055DA73 /* SceneDelegate.swift */ = {isa = PBXFileReference; lastKnownFileType = sourcecode.swift; path = SceneDelegate.swift; sourceTree = "<group>"; };
		AAADAAF028EDAE280055DA73 /* Base */ = {isa = PBXFileReference; lastKnownFileType = file.storyboard; name = Base; path = Base.lproj/Main.storyboard; sourceTree = "<group>"; };
		AAADAAF228EDAE290055DA73 /* Assets.xcassets */ = {isa = PBXFileReference; lastKnownFileType = folder.assetcatalog; path = Assets.xcassets; sourceTree = "<group>"; };
		AAADAAF528EDAE290055DA73 /* Base */ = {isa = PBXFileReference; lastKnownFileType = file.storyboard; name = Base; path = Base.lproj/LaunchScreen.storyboard; sourceTree = "<group>"; };
		AAADAAF728EDAE290055DA73 /* Info.plist */ = {isa = PBXFileReference; lastKnownFileType = text.plist.xml; path = Info.plist; sourceTree = "<group>"; };
		AAADAB0228EDB17B0055DA73 /* Conspect17VC.swift */ = {isa = PBXFileReference; lastKnownFileType = sourcecode.swift; path = Conspect17VC.swift; sourceTree = "<group>"; };
		AAADAB0428EDB2920055DA73 /* MainTabBarController.swift */ = {isa = PBXFileReference; lastKnownFileType = sourcecode.swift; path = MainTabBarController.swift; sourceTree = "<group>"; };
		AAADAB0628EDB3B70055DA73 /* BuyViewController.swift */ = {isa = PBXFileReference; lastKnownFileType = sourcecode.swift; path = BuyViewController.swift; sourceTree = "<group>"; };
		AAADAB0828EDB3D30055DA73 /* ForYouViewController.swift */ = {isa = PBXFileReference; lastKnownFileType = sourcecode.swift; path = ForYouViewController.swift; sourceTree = "<group>"; };
		AAADAB0A28EDB3EA0055DA73 /* SearchViewController.swift */ = {isa = PBXFileReference; lastKnownFileType = sourcecode.swift; path = SearchViewController.swift; sourceTree = "<group>"; };
		AAADAB0C28EDB41E0055DA73 /* BasketViewController.swift */ = {isa = PBXFileReference; lastKnownFileType = sourcecode.swift; path = BasketViewController.swift; sourceTree = "<group>"; };
		AACCF1AD28F2DE68003735BF /* iOS+Syllabus.pdf */ = {isa = PBXFileReference; lastKnownFileType = image.pdf; path = "iOS+Syllabus.pdf"; sourceTree = "<group>"; };
		AACCF1AF28F2DE85003735BF /* Conspect18VC.swift */ = {isa = PBXFileReference; lastKnownFileType = sourcecode.swift; path = Conspect18VC.swift; sourceTree = "<group>"; };
		AAFE7CED28EEECAF00704603 /* ProductViewController.swift */ = {isa = PBXFileReference; lastKnownFileType = sourcecode.swift; path = ProductViewController.swift; sourceTree = "<group>"; };
/* End PBXFileReference section */

/* Begin PBXFrameworksBuildPhase section */
		AAADAAE328EDAE280055DA73 /* Frameworks */ = {
			isa = PBXFrameworksBuildPhase;
			buildActionMask = 2147483647;
			files = (
			);
			runOnlyForDeploymentPostprocessing = 0;
		};
/* End PBXFrameworksBuildPhase section */

/* Begin PBXGroup section */
		AA45295028F46388008F0C09 /* Resources */ = {
			isa = PBXGroup;
			children = (
				AA45295128F4639D008F0C09 /* App-Store-Price.pdf */,
			);
			path = Resources;
			sourceTree = "<group>";
		};
		AAADAADD28EDAE280055DA73 = {
			isa = PBXGroup;
			children = (
				AAADAAE828EDAE280055DA73 /* magazineApp */,
				AAADAAE728EDAE280055DA73 /* Products */,
			);
			sourceTree = "<group>";
		};
		AAADAAE728EDAE280055DA73 /* Products */ = {
			isa = PBXGroup;
			children = (
				AAADAAE628EDAE280055DA73 /* magazineApp.app */,
			);
			name = Products;
			sourceTree = "<group>";
		};
		AAADAAE828EDAE280055DA73 /* magazineApp */ = {
			isa = PBXGroup;
			children = (
				AA45295028F46388008F0C09 /* Resources */,
				AAADAAFE28EDB1260055DA73 /* Conspects */,
				AAADAAFF28EDB12D0055DA73 /* Models */,
				AAADAB0028EDB1320055DA73 /* Views */,
				AAADAB0128EDB1390055DA73 /* Controllers */,
				AAADAAE928EDAE280055DA73 /* AppDelegate.swift */,
				AAADAAEB28EDAE280055DA73 /* SceneDelegate.swift */,
				AAADAAF228EDAE290055DA73 /* Assets.xcassets */,
				AAADAAF428EDAE290055DA73 /* LaunchScreen.storyboard */,
				AAADAAF728EDAE290055DA73 /* Info.plist */,
			);
			path = magazineApp;
			sourceTree = "<group>";
		};
		AAADAAFE28EDB1260055DA73 /* Conspects */ = {
			isa = PBXGroup;
			children = (
				AACCF1AD28F2DE68003735BF /* iOS+Syllabus.pdf */,
				AAADAB0228EDB17B0055DA73 /* Conspect17VC.swift */,
				AACCF1AF28F2DE85003735BF /* Conspect18VC.swift */,
				AA45295328F463AE008F0C09 /* Conspect19VC.swift */,
				AA45295428F463AE008F0C09 /* Conspect20VC.swift */,
				AA40FDBA28F712450053A7E3 /* MyViewController.swift */,
				AA40FDBC28F7124A0053A7E3 /* CarsHelper.swift */,
			);
			path = Conspects;
			sourceTree = "<group>";
		};
		AAADAAFF28EDB12D0055DA73 /* Models */ = {
			isa = PBXGroup;
			children = (
			);
			path = Models;
			sourceTree = "<group>";
		};
		AAADAB0028EDB1320055DA73 /* Views */ = {
			isa = PBXGroup;
			children = (
				AAADAAEF28EDAE280055DA73 /* Main.storyboard */,
			);
			path = Views;
			sourceTree = "<group>";
		};
		AAADAB0128EDB1390055DA73 /* Controllers */ = {
			isa = PBXGroup;
			children = (
				AAADAB0428EDB2920055DA73 /* MainTabBarController.swift */,
				AAADAB0628EDB3B70055DA73 /* BuyViewController.swift */,
				AAADAB0828EDB3D30055DA73 /* ForYouViewController.swift */,
				AAADAB0A28EDB3EA0055DA73 /* SearchViewController.swift */,
				AAADAB0C28EDB41E0055DA73 /* BasketViewController.swift */,
				AAFE7CED28EEECAF00704603 /* ProductViewController.swift */,
				AA45295728F463ED008F0C09 /* WebStoreViewController.swift */,
				AA40FDB828F7121C0053A7E3 /* MainPageViewController.swift */,
				AA40FDB628F712150053A7E3 /* StartViewController.swift */,
				AA40FDB428F712100053A7E3 /* MiddleViewController.swift */,
				AA40FDB228F7120B0053A7E3 /* FinishViewController.swift */,
			);
			path = Controllers;
			sourceTree = "<group>";
		};
/* End PBXGroup section */

/* Begin PBXNativeTarget section */
		AAADAAE528EDAE280055DA73 /* magazineApp */ = {
			isa = PBXNativeTarget;
			buildConfigurationList = AAADAAFA28EDAE290055DA73 /* Build configuration list for PBXNativeTarget "magazineApp" */;
			buildPhases = (
				AAADAAE228EDAE280055DA73 /* Sources */,
				AAADAAE328EDAE280055DA73 /* Frameworks */,
				AAADAAE428EDAE280055DA73 /* Resources */,
				AAADAAFD28EDAED60055DA73 /* SwiftLint */,
			);
			buildRules = (
			);
			dependencies = (
			);
			name = magazineApp;
			productName = magazineApp;
			productReference = AAADAAE628EDAE280055DA73 /* magazineApp.app */;
			productType = "com.apple.product-type.application";
		};
/* End PBXNativeTarget section */

/* Begin PBXProject section */
		AAADAADE28EDAE280055DA73 /* Project object */ = {
			isa = PBXProject;
			attributes = {
				BuildIndependentTargetsInParallel = 1;
				LastSwiftUpdateCheck = 1340;
				LastUpgradeCheck = 1340;
				TargetAttributes = {
					AAADAAE528EDAE280055DA73 = {
						CreatedOnToolsVersion = 13.4.1;
					};
				};
			};
			buildConfigurationList = AAADAAE128EDAE280055DA73 /* Build configuration list for PBXProject "magazineApp" */;
			compatibilityVersion = "Xcode 13.0";
			developmentRegion = en;
			hasScannedForEncodings = 0;
			knownRegions = (
				en,
				Base,
			);
			mainGroup = AAADAADD28EDAE280055DA73;
			productRefGroup = AAADAAE728EDAE280055DA73 /* Products */;
			projectDirPath = "";
			projectRoot = "";
			targets = (
				AAADAAE528EDAE280055DA73 /* magazineApp */,
			);
		};
/* End PBXProject section */

/* Begin PBXResourcesBuildPhase section */
		AAADAAE428EDAE280055DA73 /* Resources */ = {
			isa = PBXResourcesBuildPhase;
			buildActionMask = 2147483647;
			files = (
				AAADAAF628EDAE290055DA73 /* LaunchScreen.storyboard in Resources */,
				AACCF1AE28F2DE68003735BF /* iOS+Syllabus.pdf in Resources */,
				AAADAAF328EDAE290055DA73 /* Assets.xcassets in Resources */,
				AAADAAF128EDAE280055DA73 /* Main.storyboard in Resources */,
				AA45295228F4639D008F0C09 /* App-Store-Price.pdf in Resources */,
			);
			runOnlyForDeploymentPostprocessing = 0;
		};
/* End PBXResourcesBuildPhase section */

/* Begin PBXShellScriptBuildPhase section */
		AAADAAFD28EDAED60055DA73 /* SwiftLint */ = {
			isa = PBXShellScriptBuildPhase;
			buildActionMask = 2147483647;
			files = (
			);
			inputFileListPaths = (
			);
			inputPaths = (
			);
			name = SwiftLint;
			outputFileListPaths = (
			);
			outputPaths = (
			);
			runOnlyForDeploymentPostprocessing = 0;
			shellPath = /bin/sh;
			shellScript = "export PATH=/opt/homebrew/bin:$PATH\nif which swiftlint > /dev/null; then\n  swiftlint\nelse\n  echo \"warning: SwiftLint not installed, download from https://github.com/realm/SwiftLint\"\nfi\n";
		};
/* End PBXShellScriptBuildPhase section */

/* Begin PBXSourcesBuildPhase section */
		AAADAAE228EDAE280055DA73 /* Sources */ = {
			isa = PBXSourcesBuildPhase;
			buildActionMask = 2147483647;
			files = (
				AAADAB0328EDB17B0055DA73 /* Conspect17VC.swift in Sources */,
				AA40FDB728F712150053A7E3 /* StartViewController.swift in Sources */,
				AA45295528F463AE008F0C09 /* Conspect19VC.swift in Sources */,
				AAADAB0B28EDB3EA0055DA73 /* SearchViewController.swift in Sources */,
				AA40FDBB28F712450053A7E3 /* MyViewController.swift in Sources */,
				AA40FDB328F7120B0053A7E3 /* FinishViewController.swift in Sources */,
				AA45295628F463AE008F0C09 /* Conspect20VC.swift in Sources */,
				AA40FDB528F712100053A7E3 /* MiddleViewController.swift in Sources */,
				AAADAB0728EDB3B70055DA73 /* BuyViewController.swift in Sources */,
				AA45295828F463ED008F0C09 /* WebStoreViewController.swift in Sources */,
				AAADAB0928EDB3D30055DA73 /* ForYouViewController.swift in Sources */,
				AACCF1B028F2DE85003735BF /* Conspect18VC.swift in Sources */,
				AAADAB0528EDB2920055DA73 /* MainTabBarController.swift in Sources */,
				AAADAAEA28EDAE280055DA73 /* AppDelegate.swift in Sources */,
				AAFE7CEE28EEECAF00704603 /* ProductViewController.swift in Sources */,
				AAADAB0D28EDB41E0055DA73 /* BasketViewController.swift in Sources */,
				AA40FDBD28F7124A0053A7E3 /* CarsHelper.swift in Sources */,
				AA40FDB928F7121C0053A7E3 /* MainPageViewController.swift in Sources */,
				AAADAAEC28EDAE280055DA73 /* SceneDelegate.swift in Sources */,
			);
			runOnlyForDeploymentPostprocessing = 0;
		};
/* End PBXSourcesBuildPhase section */

/* Begin PBXVariantGroup section */
		AAADAAEF28EDAE280055DA73 /* Main.storyboard */ = {
			isa = PBXVariantGroup;
			children = (
				AAADAAF028EDAE280055DA73 /* Base */,
			);
			name = Main.storyboard;
			sourceTree = "<group>";
		};
		AAADAAF428EDAE290055DA73 /* LaunchScreen.storyboard */ = {
			isa = PBXVariantGroup;
			children = (
				AAADAAF528EDAE290055DA73 /* Base */,
			);
			name = LaunchScreen.storyboard;
			sourceTree = "<group>";
		};
/* End PBXVariantGroup section */

/* Begin XCBuildConfiguration section */
		AAADAAF828EDAE290055DA73 /* Debug */ = {
			isa = XCBuildConfiguration;
			buildSettings = {
				ALWAYS_SEARCH_USER_PATHS = NO;
				CLANG_ANALYZER_NONNULL = YES;
				CLANG_ANALYZER_NUMBER_OBJECT_CONVERSION = YES_AGGRESSIVE;
				CLANG_CXX_LANGUAGE_STANDARD = "gnu++17";
				CLANG_ENABLE_MODULES = YES;
				CLANG_ENABLE_OBJC_ARC = YES;
				CLANG_ENABLE_OBJC_WEAK = YES;
				CLANG_WARN_BLOCK_CAPTURE_AUTORELEASING = YES;
				CLANG_WARN_BOOL_CONVERSION = YES;
				CLANG_WARN_COMMA = YES;
				CLANG_WARN_CONSTANT_CONVERSION = YES;
				CLANG_WARN_DEPRECATED_OBJC_IMPLEMENTATIONS = YES;
				CLANG_WARN_DIRECT_OBJC_ISA_USAGE = YES_ERROR;
				CLANG_WARN_DOCUMENTATION_COMMENTS = YES;
				CLANG_WARN_EMPTY_BODY = YES;
				CLANG_WARN_ENUM_CONVERSION = YES;
				CLANG_WARN_INFINITE_RECURSION = YES;
				CLANG_WARN_INT_CONVERSION = YES;
				CLANG_WARN_NON_LITERAL_NULL_CONVERSION = YES;
				CLANG_WARN_OBJC_IMPLICIT_RETAIN_SELF = YES;
				CLANG_WARN_OBJC_LITERAL_CONVERSION = YES;
				CLANG_WARN_OBJC_ROOT_CLASS = YES_ERROR;
				CLANG_WARN_QUOTED_INCLUDE_IN_FRAMEWORK_HEADER = YES;
				CLANG_WARN_RANGE_LOOP_ANALYSIS = YES;
				CLANG_WARN_STRICT_PROTOTYPES = YES;
				CLANG_WARN_SUSPICIOUS_MOVE = YES;
				CLANG_WARN_UNGUARDED_AVAILABILITY = YES_AGGRESSIVE;
				CLANG_WARN_UNREACHABLE_CODE = YES;
				CLANG_WARN__DUPLICATE_METHOD_MATCH = YES;
				COPY_PHASE_STRIP = NO;
				DEBUG_INFORMATION_FORMAT = dwarf;
				ENABLE_STRICT_OBJC_MSGSEND = YES;
				ENABLE_TESTABILITY = YES;
				GCC_C_LANGUAGE_STANDARD = gnu11;
				GCC_DYNAMIC_NO_PIC = NO;
				GCC_NO_COMMON_BLOCKS = YES;
				GCC_OPTIMIZATION_LEVEL = 0;
				GCC_PREPROCESSOR_DEFINITIONS = (
					"DEBUG=1",
					"$(inherited)",
				);
				GCC_WARN_64_TO_32_BIT_CONVERSION = YES;
				GCC_WARN_ABOUT_RETURN_TYPE = YES_ERROR;
				GCC_WARN_UNDECLARED_SELECTOR = YES;
				GCC_WARN_UNINITIALIZED_AUTOS = YES_AGGRESSIVE;
				GCC_WARN_UNUSED_FUNCTION = YES;
				GCC_WARN_UNUSED_VARIABLE = YES;
				IPHONEOS_DEPLOYMENT_TARGET = 15.5;
				MTL_ENABLE_DEBUG_INFO = INCLUDE_SOURCE;
				MTL_FAST_MATH = YES;
				ONLY_ACTIVE_ARCH = YES;
				SDKROOT = iphoneos;
				SWIFT_ACTIVE_COMPILATION_CONDITIONS = DEBUG;
				SWIFT_OPTIMIZATION_LEVEL = "-Onone";
			};
			name = Debug;
		};
		AAADAAF928EDAE290055DA73 /* Release */ = {
			isa = XCBuildConfiguration;
			buildSettings = {
				ALWAYS_SEARCH_USER_PATHS = NO;
				CLANG_ANALYZER_NONNULL = YES;
				CLANG_ANALYZER_NUMBER_OBJECT_CONVERSION = YES_AGGRESSIVE;
				CLANG_CXX_LANGUAGE_STANDARD = "gnu++17";
				CLANG_ENABLE_MODULES = YES;
				CLANG_ENABLE_OBJC_ARC = YES;
				CLANG_ENABLE_OBJC_WEAK = YES;
				CLANG_WARN_BLOCK_CAPTURE_AUTORELEASING = YES;
				CLANG_WARN_BOOL_CONVERSION = YES;
				CLANG_WARN_COMMA = YES;
				CLANG_WARN_CONSTANT_CONVERSION = YES;
				CLANG_WARN_DEPRECATED_OBJC_IMPLEMENTATIONS = YES;
				CLANG_WARN_DIRECT_OBJC_ISA_USAGE = YES_ERROR;
				CLANG_WARN_DOCUMENTATION_COMMENTS = YES;
				CLANG_WARN_EMPTY_BODY = YES;
				CLANG_WARN_ENUM_CONVERSION = YES;
				CLANG_WARN_INFINITE_RECURSION = YES;
				CLANG_WARN_INT_CONVERSION = YES;
				CLANG_WARN_NON_LITERAL_NULL_CONVERSION = YES;
				CLANG_WARN_OBJC_IMPLICIT_RETAIN_SELF = YES;
				CLANG_WARN_OBJC_LITERAL_CONVERSION = YES;
				CLANG_WARN_OBJC_ROOT_CLASS = YES_ERROR;
				CLANG_WARN_QUOTED_INCLUDE_IN_FRAMEWORK_HEADER = YES;
				CLANG_WARN_RANGE_LOOP_ANALYSIS = YES;
				CLANG_WARN_STRICT_PROTOTYPES = YES;
				CLANG_WARN_SUSPICIOUS_MOVE = YES;
				CLANG_WARN_UNGUARDED_AVAILABILITY = YES_AGGRESSIVE;
				CLANG_WARN_UNREACHABLE_CODE = YES;
				CLANG_WARN__DUPLICATE_METHOD_MATCH = YES;
				COPY_PHASE_STRIP = NO;
				DEBUG_INFORMATION_FORMAT = "dwarf-with-dsym";
				ENABLE_NS_ASSERTIONS = NO;
				ENABLE_STRICT_OBJC_MSGSEND = YES;
				GCC_C_LANGUAGE_STANDARD = gnu11;
				GCC_NO_COMMON_BLOCKS = YES;
				GCC_WARN_64_TO_32_BIT_CONVERSION = YES;
				GCC_WARN_ABOUT_RETURN_TYPE = YES_ERROR;
				GCC_WARN_UNDECLARED_SELECTOR = YES;
				GCC_WARN_UNINITIALIZED_AUTOS = YES_AGGRESSIVE;
				GCC_WARN_UNUSED_FUNCTION = YES;
				GCC_WARN_UNUSED_VARIABLE = YES;
				IPHONEOS_DEPLOYMENT_TARGET = 15.5;
				MTL_ENABLE_DEBUG_INFO = NO;
				MTL_FAST_MATH = YES;
				SDKROOT = iphoneos;
				SWIFT_COMPILATION_MODE = wholemodule;
				SWIFT_OPTIMIZATION_LEVEL = "-O";
				VALIDATE_PRODUCT = YES;
			};
			name = Release;
		};
		AAADAAFB28EDAE290055DA73 /* Debug */ = {
			isa = XCBuildConfiguration;
			buildSettings = {
				ASSETCATALOG_COMPILER_APPICON_NAME = AppIcon;
				ASSETCATALOG_COMPILER_GLOBAL_ACCENT_COLOR_NAME = AccentColor;
				CODE_SIGN_STYLE = Automatic;
				CURRENT_PROJECT_VERSION = 1;
				DEVELOPMENT_TEAM = VJ39792262;
				GENERATE_INFOPLIST_FILE = YES;
				INFOPLIST_FILE = magazineApp/Info.plist;
				INFOPLIST_KEY_NSPhotoLibraryUsageDescription = "Пожалуйста дайте доступ к фото для установки аватарки";
				INFOPLIST_KEY_UIApplicationSupportsIndirectInputEvents = YES;
				INFOPLIST_KEY_UILaunchStoryboardName = LaunchScreen;
				INFOPLIST_KEY_UIMainStoryboardFile = Main;
				INFOPLIST_KEY_UISupportedInterfaceOrientations_iPad = "UIInterfaceOrientationPortrait UIInterfaceOrientationPortraitUpsideDown UIInterfaceOrientationLandscapeLeft UIInterfaceOrientationLandscapeRight";
				INFOPLIST_KEY_UISupportedInterfaceOrientations_iPhone = "UIInterfaceOrientationPortrait UIInterfaceOrientationLandscapeLeft UIInterfaceOrientationLandscapeRight";
				LD_RUNPATH_SEARCH_PATHS = (
					"$(inherited)",
					"@executable_path/Frameworks",
				);
				MARKETING_VERSION = 1.0;
				PRODUCT_BUNDLE_IDENTIFIER = solovev93aa.magazineApp;
				PRODUCT_NAME = "$(TARGET_NAME)";
				SWIFT_EMIT_LOC_STRINGS = YES;
				SWIFT_VERSION = 5.0;
				TARGETED_DEVICE_FAMILY = "1,2";
			};
			name = Debug;
		};
		AAADAAFC28EDAE290055DA73 /* Release */ = {
			isa = XCBuildConfiguration;
			buildSettings = {
				ASSETCATALOG_COMPILER_APPICON_NAME = AppIcon;
				ASSETCATALOG_COMPILER_GLOBAL_ACCENT_COLOR_NAME = AccentColor;
				CODE_SIGN_STYLE = Automatic;
				CURRENT_PROJECT_VERSION = 1;
				DEVELOPMENT_TEAM = VJ39792262;
				GENERATE_INFOPLIST_FILE = YES;
				INFOPLIST_FILE = magazineApp/Info.plist;
				INFOPLIST_KEY_NSPhotoLibraryUsageDescription = "Пожалуйста дайте доступ к фото для установки аватарки";
				INFOPLIST_KEY_UIApplicationSupportsIndirectInputEvents = YES;
				INFOPLIST_KEY_UILaunchStoryboardName = LaunchScreen;
				INFOPLIST_KEY_UIMainStoryboardFile = Main;
				INFOPLIST_KEY_UISupportedInterfaceOrientations_iPad = "UIInterfaceOrientationPortrait UIInterfaceOrientationPortraitUpsideDown UIInterfaceOrientationLandscapeLeft UIInterfaceOrientationLandscapeRight";
				INFOPLIST_KEY_UISupportedInterfaceOrientations_iPhone = "UIInterfaceOrientationPortrait UIInterfaceOrientationLandscapeLeft UIInterfaceOrientationLandscapeRight";
				LD_RUNPATH_SEARCH_PATHS = (
					"$(inherited)",
					"@executable_path/Frameworks",
				);
				MARKETING_VERSION = 1.0;
				PRODUCT_BUNDLE_IDENTIFIER = solovev93aa.magazineApp;
				PRODUCT_NAME = "$(TARGET_NAME)";
				SWIFT_EMIT_LOC_STRINGS = YES;
				SWIFT_VERSION = 5.0;
				TARGETED_DEVICE_FAMILY = "1,2";
			};
			name = Release;
		};
/* End XCBuildConfiguration section */

/* Begin XCConfigurationList section */
		AAADAAE128EDAE280055DA73 /* Build configuration list for PBXProject "magazineApp" */ = {
			isa = XCConfigurationList;
			buildConfigurations = (
				AAADAAF828EDAE290055DA73 /* Debug */,
				AAADAAF928EDAE290055DA73 /* Release */,
			);
			defaultConfigurationIsVisible = 0;
			defaultConfigurationName = Release;
		};
		AAADAAFA28EDAE290055DA73 /* Build configuration list for PBXNativeTarget "magazineApp" */ = {
			isa = XCConfigurationList;
			buildConfigurations = (
				AAADAAFB28EDAE290055DA73 /* Debug */,
				AAADAAFC28EDAE290055DA73 /* Release */,
			);
			defaultConfigurationIsVisible = 0;
			defaultConfigurationName = Release;
		};
/* End XCConfigurationList section */
	};
	rootObject = AAADAADE28EDAE280055DA73 /* Project object */;
}
